// !$*UTF8*$!
{
	archiveVersion = 1;
	classes = {
	};
	objectVersion = 50;
	objects = {

/* Begin PBXBuildFile section */
		7F3A7C8421F6477B00D557D6 /* AppDelegate.swift in Sources */ = {isa = PBXBuildFile; fileRef = 7F3A7C8321F6477B00D557D6 /* AppDelegate.swift */; };
		7F3A7C8621F6477B00D557D6 /* ViewController.swift in Sources */ = {isa = PBXBuildFile; fileRef = 7F3A7C8521F6477B00D557D6 /* ViewController.swift */; };
		7F3A7C8821F6477E00D557D6 /* Assets.xcassets in Resources */ = {isa = PBXBuildFile; fileRef = 7F3A7C8721F6477E00D557D6 /* Assets.xcassets */; };
		7F3A7C8B21F6477E00D557D6 /* Main.storyboard in Resources */ = {isa = PBXBuildFile; fileRef = 7F3A7C8921F6477E00D557D6 /* Main.storyboard */; };
		7F3A7C9721F6477E00D557D6 /* GeneradoNumeroAleatorioTests.swift in Sources */ = {isa = PBXBuildFile; fileRef = 7F3A7C9621F6477E00D557D6 /* GeneradoNumeroAleatorioTests.swift */; };
		7F3A7CA221F6477E00D557D6 /* GeneradoNumeroAleatorioUITests.swift in Sources */ = {isa = PBXBuildFile; fileRef = 7F3A7CA121F6477E00D557D6 /* GeneradoNumeroAleatorioUITests.swift */; };
/* End PBXBuildFile section */

/* Begin PBXContainerItemProxy section */
		7F3A7C9321F6477E00D557D6 /* PBXContainerItemProxy */ = {
			isa = PBXContainerItemProxy;
			containerPortal = 7F3A7C7821F6477A00D557D6 /* Project object */;
			proxyType = 1;
			remoteGlobalIDString = 7F3A7C7F21F6477A00D557D6;
			remoteInfo = GeneradoNumeroAleatorio;
		};
		7F3A7C9E21F6477E00D557D6 /* PBXContainerItemProxy */ = {
			isa = PBXContainerItemProxy;
			containerPortal = 7F3A7C7821F6477A00D557D6 /* Project object */;
			proxyType = 1;
			remoteGlobalIDString = 7F3A7C7F21F6477A00D557D6;
			remoteInfo = GeneradoNumeroAleatorio;
		};
/* End PBXContainerItemProxy section */

/* Begin PBXFileReference section */
		7F3A7C8021F6477B00D557D6 /* GeneradoNumeroAleatorio.app */ = {isa = PBXFileReference; explicitFileType = wrapper.application; includeInIndex = 0; path = GeneradoNumeroAleatorio.app; sourceTree = BUILT_PRODUCTS_DIR; };
		7F3A7C8321F6477B00D557D6 /* AppDelegate.swift */ = {isa = PBXFileReference; lastKnownFileType = sourcecode.swift; path = AppDelegate.swift; sourceTree = "<group>"; };
		7F3A7C8521F6477B00D557D6 /* ViewController.swift */ = {isa = PBXFileReference; lastKnownFileType = sourcecode.swift; path = ViewController.swift; sourceTree = "<group>"; };
		7F3A7C8721F6477E00D557D6 /* Assets.xcassets */ = {isa = PBXFileReference; lastKnownFileType = folder.assetcatalog; path = Assets.xcassets; sourceTree = "<group>"; };
		7F3A7C8A21F6477E00D557D6 /* Base */ = {isa = PBXFileReference; lastKnownFileType = file.storyboard; name = Base; path = Base.lproj/Main.storyboard; sourceTree = "<group>"; };
		7F3A7C8C21F6477E00D557D6 /* Info.plist */ = {isa = PBXFileReference; lastKnownFileType = text.plist.xml; path = Info.plist; sourceTree = "<group>"; };
		7F3A7C8D21F6477E00D557D6 /* GeneradoNumeroAleatorio.entitlements */ = {isa = PBXFileReference; lastKnownFileType = text.plist.entitlements; path = GeneradoNumeroAleatorio.entitlements; sourceTree = "<group>"; };
		7F3A7C9221F6477E00D557D6 /* GeneradoNumeroAleatorioTests.xctest */ = {isa = PBXFileReference; explicitFileType = wrapper.cfbundle; includeInIndex = 0; path = GeneradoNumeroAleatorioTests.xctest; sourceTree = BUILT_PRODUCTS_DIR; };
		7F3A7C9621F6477E00D557D6 /* GeneradoNumeroAleatorioTests.swift */ = {isa = PBXFileReference; lastKnownFileType = sourcecode.swift; path = GeneradoNumeroAleatorioTests.swift; sourceTree = "<group>"; };
		7F3A7C9821F6477E00D557D6 /* Info.plist */ = {isa = PBXFileReference; lastKnownFileType = text.plist.xml; path = Info.plist; sourceTree = "<group>"; };
		7F3A7C9D21F6477E00D557D6 /* GeneradoNumeroAleatorioUITests.xctest */ = {isa = PBXFileReference; explicitFileType = wrapper.cfbundle; includeInIndex = 0; path = GeneradoNumeroAleatorioUITests.xctest; sourceTree = BUILT_PRODUCTS_DIR; };
		7F3A7CA121F6477E00D557D6 /* GeneradoNumeroAleatorioUITests.swift */ = {isa = PBXFileReference; lastKnownFileType = sourcecode.swift; path = GeneradoNumeroAleatorioUITests.swift; sourceTree = "<group>"; };
		7F3A7CA321F6477E00D557D6 /* Info.plist */ = {isa = PBXFileReference; lastKnownFileType = text.plist.xml; path = Info.plist; sourceTree = "<group>"; };
/* End PBXFileReference section */

/* Begin PBXFrameworksBuildPhase section */
		7F3A7C7D21F6477A00D557D6 /* Frameworks */ = {
			isa = PBXFrameworksBuildPhase;
			buildActionMask = 2147483647;
			files = (
			);
			runOnlyForDeploymentPostprocessing = 0;
		};
		7F3A7C8F21F6477E00D557D6 /* Frameworks */ = {
			isa = PBXFrameworksBuildPhase;
			buildActionMask = 2147483647;
			files = (
			);
			runOnlyForDeploymentPostprocessing = 0;
		};
		7F3A7C9A21F6477E00D557D6 /* Frameworks */ = {
			isa = PBXFrameworksBuildPhase;
			buildActionMask = 2147483647;
			files = (
			);
			runOnlyForDeploymentPostprocessing = 0;
		};
/* End PBXFrameworksBuildPhase section */

/* Begin PBXGroup section */
		7F3A7C7721F6477A00D557D6 = {
			isa = PBXGroup;
			children = (
				7F3A7C8221F6477B00D557D6 /* GeneradoNumeroAleatorio */,
				7F3A7C9521F6477E00D557D6 /* GeneradoNumeroAleatorioTests */,
				7F3A7CA021F6477E00D557D6 /* GeneradoNumeroAleatorioUITests */,
				7F3A7C8121F6477B00D557D6 /* Products */,
			);
			sourceTree = "<group>";
		};
		7F3A7C8121F6477B00D557D6 /* Products */ = {
			isa = PBXGroup;
			children = (
				7F3A7C8021F6477B00D557D6 /* GeneradoNumeroAleatorio.app */,
				7F3A7C9221F6477E00D557D6 /* GeneradoNumeroAleatorioTests.xctest */,
				7F3A7C9D21F6477E00D557D6 /* GeneradoNumeroAleatorioUITests.xctest */,
			);
			name = Products;
			sourceTree = "<group>";
		};
		7F3A7C8221F6477B00D557D6 /* GeneradoNumeroAleatorio */ = {
			isa = PBXGroup;
			children = (
				7F3A7C8321F6477B00D557D6 /* AppDelegate.swift */,
				7F3A7C8521F6477B00D557D6 /* ViewController.swift */,
				7F3A7C8921F6477E00D557D6 /* Main.storyboard */,
				7F3A7C8721F6477E00D557D6 /* Assets.xcassets */,
				7F3A7C8C21F6477E00D557D6 /* Info.plist */,
				7F3A7C8D21F6477E00D557D6 /* GeneradoNumeroAleatorio.entitlements */,
			);
			path = GeneradoNumeroAleatorio;
			sourceTree = "<group>";
		};
		7F3A7C9521F6477E00D557D6 /* GeneradoNumeroAleatorioTests */ = {
			isa = PBXGroup;
			children = (
				7F3A7C9621F6477E00D557D6 /* GeneradoNumeroAleatorioTests.swift */,
				7F3A7C9821F6477E00D557D6 /* Info.plist */,
			);
			path = GeneradoNumeroAleatorioTests;
			sourceTree = "<group>";
		};
		7F3A7CA021F6477E00D557D6 /* GeneradoNumeroAleatorioUITests */ = {
			isa = PBXGroup;
			children = (
				7F3A7CA121F6477E00D557D6 /* GeneradoNumeroAleatorioUITests.swift */,
				7F3A7CA321F6477E00D557D6 /* Info.plist */,
			);
			path = GeneradoNumeroAleatorioUITests;
			sourceTree = "<group>";
		};
/* End PBXGroup section */

/* Begin PBXNativeTarget section */
		7F3A7C7F21F6477A00D557D6 /* GeneradoNumeroAleatorio */ = {
			isa = PBXNativeTarget;
			buildConfigurationList = 7F3A7CA621F6477E00D557D6 /* Build configuration list for PBXNativeTarget "GeneradoNumeroAleatorio" */;
			buildPhases = (
				7F3A7C7C21F6477A00D557D6 /* Sources */,
				7F3A7C7D21F6477A00D557D6 /* Frameworks */,
				7F3A7C7E21F6477A00D557D6 /* Resources */,
			);
			buildRules = (
			);
			dependencies = (
			);
			name = GeneradoNumeroAleatorio;
			productName = GeneradoNumeroAleatorio;
			productReference = 7F3A7C8021F6477B00D557D6 /* GeneradoNumeroAleatorio.app */;
			productType = "com.apple.product-type.application";
		};
		7F3A7C9121F6477E00D557D6 /* GeneradoNumeroAleatorioTests */ = {
			isa = PBXNativeTarget;
			buildConfigurationList = 7F3A7CA921F6477E00D557D6 /* Build configuration list for PBXNativeTarget "GeneradoNumeroAleatorioTests" */;
			buildPhases = (
				7F3A7C8E21F6477E00D557D6 /* Sources */,
				7F3A7C8F21F6477E00D557D6 /* Frameworks */,
				7F3A7C9021F6477E00D557D6 /* Resources */,
			);
			buildRules = (
			);
			dependencies = (
				7F3A7C9421F6477E00D557D6 /* PBXTargetDependency */,
			);
			name = GeneradoNumeroAleatorioTests;
			productName = GeneradoNumeroAleatorioTests;
			productReference = 7F3A7C9221F6477E00D557D6 /* GeneradoNumeroAleatorioTests.xctest */;
			productType = "com.apple.product-type.bundle.unit-test";
		};
		7F3A7C9C21F6477E00D557D6 /* GeneradoNumeroAleatorioUITests */ = {
			isa = PBXNativeTarget;
			buildConfigurationList = 7F3A7CAC21F6477E00D557D6 /* Build configuration list for PBXNativeTarget "GeneradoNumeroAleatorioUITests" */;
			buildPhases = (
				7F3A7C9921F6477E00D557D6 /* Sources */,
				7F3A7C9A21F6477E00D557D6 /* Frameworks */,
				7F3A7C9B21F6477E00D557D6 /* Resources */,
			);
			buildRules = (
			);
			dependencies = (
				7F3A7C9F21F6477E00D557D6 /* PBXTargetDependency */,
			);
			name = GeneradoNumeroAleatorioUITests;
			productName = GeneradoNumeroAleatorioUITests;
			productReference = 7F3A7C9D21F6477E00D557D6 /* GeneradoNumeroAleatorioUITests.xctest */;
			productType = "com.apple.product-type.bundle.ui-testing";
		};
/* End PBXNativeTarget section */

/* Begin PBXProject section */
		7F3A7C7821F6477A00D557D6 /* Project object */ = {
			isa = PBXProject;
			attributes = {
				LastSwiftUpdateCheck = 1010;
				LastUpgradeCheck = 1010;
				ORGANIZATIONNAME = "Daniel Queraltó Parra";
				TargetAttributes = {
					7F3A7C7F21F6477A00D557D6 = {
						CreatedOnToolsVersion = 10.1;
					};
					7F3A7C9121F6477E00D557D6 = {
						CreatedOnToolsVersion = 10.1;
						TestTargetID = 7F3A7C7F21F6477A00D557D6;
					};
					7F3A7C9C21F6477E00D557D6 = {
						CreatedOnToolsVersion = 10.1;
						TestTargetID = 7F3A7C7F21F6477A00D557D6;
					};
				};
			};
			buildConfigurationList = 7F3A7C7B21F6477A00D557D6 /* Build configuration list for PBXProject "GeneradoNumeroAleatorio" */;
			compatibilityVersion = "Xcode 9.3";
			developmentRegion = en;
			hasScannedForEncodings = 0;
			knownRegions = (
				en,
				Base,
			);
			mainGroup = 7F3A7C7721F6477A00D557D6;
			productRefGroup = 7F3A7C8121F6477B00D557D6 /* Products */;
			projectDirPath = "";
			projectRoot = "";
			targets = (
				7F3A7C7F21F6477A00D557D6 /* GeneradoNumeroAleatorio */,
				7F3A7C9121F6477E00D557D6 /* GeneradoNumeroAleatorioTests */,
				7F3A7C9C21F6477E00D557D6 /* GeneradoNumeroAleatorioUITests */,
			);
		};
/* End PBXProject section */

/* Begin PBXResourcesBuildPhase section */
		7F3A7C7E21F6477A00D557D6 /* Resources */ = {
			isa = PBXResourcesBuildPhase;
			buildActionMask = 2147483647;
			files = (
				7F3A7C8821F6477E00D557D6 /* Assets.xcassets in Resources */,
				7F3A7C8B21F6477E00D557D6 /* Main.storyboard in Resources */,
			);
			runOnlyForDeploymentPostprocessing = 0;
		};
		7F3A7C9021F6477E00D557D6 /* Resources */ = {
			isa = PBXResourcesBuildPhase;
			buildActionMask = 2147483647;
			files = (
			);
			runOnlyForDeploymentPostprocessing = 0;
		};
		7F3A7C9B21F6477E00D557D6 /* Resources */ = {
			isa = PBXResourcesBuildPhase;
			buildActionMask = 2147483647;
			files = (
			);
			runOnlyForDeploymentPostprocessing = 0;
		};
/* End PBXResourcesBuildPhase section */

/* Begin PBXSourcesBuildPhase section */
		7F3A7C7C21F6477A00D557D6 /* Sources */ = {
			isa = PBXSourcesBuildPhase;
			buildActionMask = 2147483647;
			files = (
				7F3A7C8621F6477B00D557D6 /* ViewController.swift in Sources */,
				7F3A7C8421F6477B00D557D6 /* AppDelegate.swift in Sources */,
			);
			runOnlyForDeploymentPostprocessing = 0;
		};
		7F3A7C8E21F6477E00D557D6 /* Sources */ = {
			isa = PBXSourcesBuildPhase;
			buildActionMask = 2147483647;
			files = (
				7F3A7C9721F6477E00D557D6 /* GeneradoNumeroAleatorioTests.swift in Sources */,
			);
			runOnlyForDeploymentPostprocessing = 0;
		};
		7F3A7C9921F6477E00D557D6 /* Sources */ = {
			isa = PBXSourcesBuildPhase;
			buildActionMask = 2147483647;
			files = (
				7F3A7CA221F6477E00D557D6 /* GeneradoNumeroAleatorioUITests.swift in Sources */,
			);
			runOnlyForDeploymentPostprocessing = 0;
		};
/* End PBXSourcesBuildPhase section */

/* Begin PBXTargetDependency section */
		7F3A7C9421F6477E00D557D6 /* PBXTargetDependency */ = {
			isa = PBXTargetDependency;
			target = 7F3A7C7F21F6477A00D557D6 /* GeneradoNumeroAleatorio */;
			targetProxy = 7F3A7C9321F6477E00D557D6 /* PBXContainerItemProxy */;
		};
		7F3A7C9F21F6477E00D557D6 /* PBXTargetDependency */ = {
			isa = PBXTargetDependency;
			target = 7F3A7C7F21F6477A00D557D6 /* GeneradoNumeroAleatorio */;
			targetProxy = 7F3A7C9E21F6477E00D557D6 /* PBXContainerItemProxy */;
		};
/* End PBXTargetDependency section */

/* Begin PBXVariantGroup section */
		7F3A7C8921F6477E00D557D6 /* Main.storyboard */ = {
			isa = PBXVariantGroup;
			children = (
				7F3A7C8A21F6477E00D557D6 /* Base */,
			);
			name = Main.storyboard;
			sourceTree = "<group>";
		};
/* End PBXVariantGroup section */

/* Begin XCBuildConfiguration section */
		7F3A7CA421F6477E00D557D6 /* Debug */ = {
			isa = XCBuildConfiguration;
			buildSettings = {
				ALWAYS_SEARCH_USER_PATHS = NO;
				CLANG_ANALYZER_NONNULL = YES;
				CLANG_ANALYZER_NUMBER_OBJECT_CONVERSION = YES_AGGRESSIVE;
				CLANG_CXX_LANGUAGE_STANDARD = "gnu++14";
				CLANG_CXX_LIBRARY = "libc++";
				CLANG_ENABLE_MODULES = YES;
				CLANG_ENABLE_OBJC_ARC = YES;
				CLANG_ENABLE_OBJC_WEAK = YES;
				CLANG_WARN_BLOCK_CAPTURE_AUTORELEASING = YES;
				CLANG_WARN_BOOL_CONVERSION = YES;
				CLANG_WARN_COMMA = YES;
				CLANG_WARN_CONSTANT_CONVERSION = YES;
				CLANG_WARN_DEPRECATED_OBJC_IMPLEMENTATIONS = YES;
				CLANG_WARN_DIRECT_OBJC_ISA_USAGE = YES_ERROR;
				CLANG_WARN_DOCUMENTATION_COMMENTS = YES;
				CLANG_WARN_EMPTY_BODY = YES;
				CLANG_WARN_ENUM_CONVERSION = YES;
				CLANG_WARN_INFINITE_RECURSION = YES;
				CLANG_WARN_INT_CONVERSION = YES;
				CLANG_WARN_NON_LITERAL_NULL_CONVERSION = YES;
				CLANG_WARN_OBJC_IMPLICIT_RETAIN_SELF = YES;
				CLANG_WARN_OBJC_LITERAL_CONVERSION = YES;
				CLANG_WARN_OBJC_ROOT_CLASS = YES_ERROR;
				CLANG_WARN_RANGE_LOOP_ANALYSIS = YES;
				CLANG_WARN_STRICT_PROTOTYPES = YES;
				CLANG_WARN_SUSPICIOUS_MOVE = YES;
				CLANG_WARN_UNGUARDED_AVAILABILITY = YES_AGGRESSIVE;
				CLANG_WARN_UNREACHABLE_CODE = YES;
				CLANG_WARN__DUPLICATE_METHOD_MATCH = YES;
				CODE_SIGN_IDENTITY = "Mac Developer";
				COPY_PHASE_STRIP = NO;
				DEBUG_INFORMATION_FORMAT = dwarf;
				ENABLE_STRICT_OBJC_MSGSEND = YES;
				ENABLE_TESTABILITY = YES;
				GCC_C_LANGUAGE_STANDARD = gnu11;
				GCC_DYNAMIC_NO_PIC = NO;
				GCC_NO_COMMON_BLOCKS = YES;
				GCC_OPTIMIZATION_LEVEL = 0;
				GCC_PREPROCESSOR_DEFINITIONS = (
					"DEBUG=1",
					"$(inherited)",
				);
				GCC_WARN_64_TO_32_BIT_CONVERSION = YES;
				GCC_WARN_ABOUT_RETURN_TYPE = YES_ERROR;
				GCC_WARN_UNDECLARED_SELECTOR = YES;
				GCC_WARN_UNINITIALIZED_AUTOS = YES_AGGRESSIVE;
				GCC_WARN_UNUSED_FUNCTION = YES;
				GCC_WARN_UNUSED_VARIABLE = YES;
				MACOSX_DEPLOYMENT_TARGET = 10.14;
				MTL_ENABLE_DEBUG_INFO = INCLUDE_SOURCE;
				MTL_FAST_MATH = YES;
				ONLY_ACTIVE_ARCH = YES;
				SDKROOT = macosx;
				SWIFT_ACTIVE_COMPILATION_CONDITIONS = DEBUG;
				SWIFT_OPTIMIZATION_LEVEL = "-Onone";
			};
			name = Debug;
		};
		7F3A7CA521F6477E00D557D6 /* Release */ = {
			isa = XCBuildConfiguration;
			buildSettings = {
				ALWAYS_SEARCH_USER_PATHS = NO;
				CLANG_ANALYZER_NONNULL = YES;
				CLANG_ANALYZER_NUMBER_OBJECT_CONVERSION = YES_AGGRESSIVE;
				CLANG_CXX_LANGUAGE_STANDARD = "gnu++14";
				CLANG_CXX_LIBRARY = "libc++";
				CLANG_ENABLE_MODULES = YES;
				CLANG_ENABLE_OBJC_ARC = YES;
				CLANG_ENABLE_OBJC_WEAK = YES;
				CLANG_WARN_BLOCK_CAPTURE_AUTORELEASING = YES;
				CLANG_WARN_BOOL_CONVERSION = YES;
				CLANG_WARN_COMMA = YES;
				CLANG_WARN_CONSTANT_CONVERSION = YES;
				CLANG_WARN_DEPRECATED_OBJC_IMPLEMENTATIONS = YES;
				CLANG_WARN_DIRECT_OBJC_ISA_USAGE = YES_ERROR;
				CLANG_WARN_DOCUMENTATION_COMMENTS = YES;
				CLANG_WARN_EMPTY_BODY = YES;
				CLANG_WARN_ENUM_CONVERSION = YES;
				CLANG_WARN_INFINITE_RECURSION = YES;
				CLANG_WARN_INT_CONVERSION = YES;
				CLANG_WARN_NON_LITERAL_NULL_CONVERSION = YES;
				CLANG_WARN_OBJC_IMPLICIT_RETAIN_SELF = YES;
				CLANG_WARN_OBJC_LITERAL_CONVERSION = YES;
				CLANG_WARN_OBJC_ROOT_CLASS = YES_ERROR;
				CLANG_WARN_RANGE_LOOP_ANALYSIS = YES;
				CLANG_WARN_STRICT_PROTOTYPES = YES;
				CLANG_WARN_SUSPICIOUS_MOVE = YES;
				CLANG_WARN_UNGUARDED_AVAILABILITY = YES_AGGRESSIVE;
				CLANG_WARN_UNREACHABLE_CODE = YES;
				CLANG_WARN__DUPLICATE_METHOD_MATCH = YES;
				CODE_SIGN_IDENTITY = "Mac Developer";
				COPY_PHASE_STRIP = NO;
				DEBUG_INFORMATION_FORMAT = "dwarf-with-dsym";
				ENABLE_NS_ASSERTIONS = NO;
				ENABLE_STRICT_OBJC_MSGSEND = YES;
				GCC_C_LANGUAGE_STANDARD = gnu11;
				GCC_NO_COMMON_BLOCKS = YES;
				GCC_WARN_64_TO_32_BIT_CONVERSION = YES;
				GCC_WARN_ABOUT_RETURN_TYPE = YES_ERROR;
				GCC_WARN_UNDECLARED_SELECTOR = YES;
				GCC_WARN_UNINITIALIZED_AUTOS = YES_AGGRESSIVE;
				GCC_WARN_UNUSED_FUNCTION = YES;
				GCC_WARN_UNUSED_VARIABLE = YES;
				MACOSX_DEPLOYMENT_TARGET = 10.14;
				MTL_ENABLE_DEBUG_INFO = NO;
				MTL_FAST_MATH = YES;
				SDKROOT = macosx;
				SWIFT_COMPILATION_MODE = wholemodule;
				SWIFT_OPTIMIZATION_LEVEL = "-O";
			};
			name = Release;
		};
		7F3A7CA721F6477E00D557D6 /* Debug */ = {
			isa = XCBuildConfiguration;
			buildSettings = {
				ASSETCATALOG_COMPILER_APPICON_NAME = AppIcon;
				CODE_SIGN_ENTITLEMENTS = GeneradoNumeroAleatorio/GeneradoNumeroAleatorio.entitlements;
				CODE_SIGN_STYLE = Automatic;
				COMBINE_HIDPI_IMAGES = YES;
				DEVELOPMENT_TEAM = G2N53T53EN;
				INFOPLIST_FILE = GeneradoNumeroAleatorio/Info.plist;
				LD_RUNPATH_SEARCH_PATHS = (
					"$(inherited)",
					"@executable_path/../Frameworks",
				);
				PRODUCT_BUNDLE_IDENTIFIER = dqp.GeneradoNumeroAleatorio;
				PRODUCT_NAME = "$(TARGET_NAME)";
				SWIFT_VERSION = 4.2;
			};
			name = Debug;
		};
		7F3A7CA821F6477E00D557D6 /* Release */ = {
			isa = XCBuildConfiguration;
			buildSettings = {
				ASSETCATALOG_COMPILER_APPICON_NAME = AppIcon;
				CODE_SIGN_ENTITLEMENTS = GeneradoNumeroAleatorio/GeneradoNumeroAleatorio.entitlements;
				CODE_SIGN_STYLE = Automatic;
				COMBINE_HIDPI_IMAGES = YES;
				DEVELOPMENT_TEAM = G2N53T53EN;
				INFOPLIST_FILE = GeneradoNumeroAleatorio/Info.plist;
				LD_RUNPATH_SEARCH_PATHS = (
					"$(inherited)",
					"@executable_path/../Frameworks",
				);
				PRODUCT_BUNDLE_IDENTIFIER = dqp.GeneradoNumeroAleatorio;
				PRODUCT_NAME = "$(TARGET_NAME)";
				SWIFT_VERSION = 4.2;
			};
			name = Release;
		};
		7F3A7CAA21F6477E00D557D6 /* Debug */ = {
			isa = XCBuildConfiguration;
			buildSettings = {
				ALWAYS_EMBED_SWIFT_STANDARD_LIBRARIES = YES;
				BUNDLE_LOADER = "$(TEST_HOST)";
				CODE_SIGN_STYLE = Automatic;
				COMBINE_HIDPI_IMAGES = YES;
				DEVELOPMENT_TEAM = G2N53T53EN;
				INFOPLIST_FILE = GeneradoNumeroAleatorioTests/Info.plist;
				LD_RUNPATH_SEARCH_PATHS = (
					"$(inherited)",
					"@executable_path/../Frameworks",
					"@loader_path/../Frameworks",
				);
				PRODUCT_BUNDLE_IDENTIFIER = dqp.GeneradoNumeroAleatorioTests;
				PRODUCT_NAME = "$(TARGET_NAME)";
				SWIFT_VERSION = 4.2;
				TEST_HOST = "$(BUILT_PRODUCTS_DIR)/GeneradoNumeroAleatorio.app/Contents/MacOS/GeneradoNumeroAleatorio";
			};
			name = Debug;
		};
		7F3A7CAB21F6477E00D557D6 /* Release */ = {
			isa = XCBuildConfiguration;
			buildSettings = {
				ALWAYS_EMBED_SWIFT_STANDARD_LIBRARIES = YES;
				BUNDLE_LOADER = "$(TEST_HOST)";
				CODE_SIGN_STYLE = Automatic;
				COMBINE_HIDPI_IMAGES = YES;
				DEVELOPMENT_TEAM = G2N53T53EN;
				INFOPLIST_FILE = GeneradoNumeroAleatorioTests/Info.plist;
				LD_RUNPATH_SEARCH_PATHS = (
					"$(inherited)",
					"@executable_path/../Frameworks",
					"@loader_path/../Frameworks",
				);
				PRODUCT_BUNDLE_IDENTIFIER = dqp.GeneradoNumeroAleatorioTests;
				PRODUCT_NAME = "$(TARGET_NAME)";
				SWIFT_VERSION = 4.2;
				TEST_HOST = "$(BUILT_PRODUCTS_DIR)/GeneradoNumeroAleatorio.app/Contents/MacOS/GeneradoNumeroAleatorio";
			};
			name = Release;
		};
		7F3A7CAD21F6477E00D557D6 /* Debug */ = {
			isa = XCBuildConfiguration;
			buildSettings = {
				ALWAYS_EMBED_SWIFT_STANDARD_LIBRARIES = YES;
				CODE_SIGN_STYLE = Automatic;
				COMBINE_HIDPI_IMAGES = YES;
				DEVELOPMENT_TEAM = G2N53T53EN;
				INFOPLIST_FILE = GeneradoNumeroAleatorioUITests/Info.plist;
				LD_RUNPATH_SEARCH_PATHS = (
					"$(inherited)",
					"@executable_path/../Frameworks",
					"@loader_path/../Frameworks",
				);
				PRODUCT_BUNDLE_IDENTIFIER = dqp.GeneradoNumeroAleatorioUITests;
				PRODUCT_NAME = "$(TARGET_NAME)";
				SWIFT_VERSION = 4.2;
				TEST_TARGET_NAME = GeneradoNumeroAleatorio;
			};
			name = Debug;
		};
		7F3A7CAE21F6477E00D557D6 /* Release */ = {
			isa = XCBuildConfiguration;
			buildSettings = {
				ALWAYS_EMBED_SWIFT_STANDARD_LIBRARIES = YES;
				CODE_SIGN_STYLE = Automatic;
				COMBINE_HIDPI_IMAGES = YES;
				DEVELOPMENT_TEAM = G2N53T53EN;
				INFOPLIST_FILE = GeneradoNumeroAleatorioUITests/Info.plist;
				LD_RUNPATH_SEARCH_PATHS = (
					"$(inherited)",
					"@executable_path/../Frameworks",
					"@loader_path/../Frameworks",
				);
				PRODUCT_BUNDLE_IDENTIFIER = dqp.GeneradoNumeroAleatorioUITests;
				PRODUCT_NAME = "$(TARGET_NAME)";
				SWIFT_VERSION = 4.2;
				TEST_TARGET_NAME = GeneradoNumeroAleatorio;
			};
			name = Release;
		};
/* End XCBuildConfiguration section */

/* Begin XCConfigurationList section */
		7F3A7C7B21F6477A00D557D6 /* Build configuration list for PBXProject "GeneradoNumeroAleatorio" */ = {
			isa = XCConfigurationList;
			buildConfigurations = (
				7F3A7CA421F6477E00D557D6 /* Debug */,
				7F3A7CA521F6477E00D557D6 /* Release */,
			);
			defaultConfigurationIsVisible = 0;
			defaultConfigurationName = Release;
		};
		7F3A7CA621F6477E00D557D6 /* Build configuration list for PBXNativeTarget "GeneradoNumeroAleatorio" */ = {
			isa = XCConfigurationList;
			buildConfigurations = (
				7F3A7CA721F6477E00D557D6 /* Debug */,
				7F3A7CA821F6477E00D557D6 /* Release */,
			);
			defaultConfigurationIsVisible = 0;
			defaultConfigurationName = Release;
		};
		7F3A7CA921F6477E00D557D6 /* Build configuration list for PBXNativeTarget "GeneradoNumeroAleatorioTests" */ = {
			isa = XCConfigurationList;
			buildConfigurations = (
				7F3A7CAA21F6477E00D557D6 /* Debug */,
				7F3A7CAB21F6477E00D557D6 /* Release */,
			);
			defaultConfigurationIsVisible = 0;
			defaultConfigurationName = Release;
		};
		7F3A7CAC21F6477E00D557D6 /* Build configuration list for PBXNativeTarget "GeneradoNumeroAleatorioUITests" */ = {
			isa = XCConfigurationList;
			buildConfigurations = (
				7F3A7CAD21F6477E00D557D6 /* Debug */,
				7F3A7CAE21F6477E00D557D6 /* Release */,
			);
			defaultConfigurationIsVisible = 0;
			defaultConfigurationName = Release;
		};
/* End XCConfigurationList section */
	};
	rootObject = 7F3A7C7821F6477A00D557D6 /* Project object */;
}
